
Microsoft Visual Studio Solution File, Format Version 12.00
# Visual Studio Version 17
VisualStudioVersion = 17.4.33213.308
MinimumVisualStudioVersion = 10.0.40219.1
Project("{FAE04EC0-301F-11D3-BF4B-00C04F79EFBC}") = "perfil_aceniceros", "perfil_aceniceros.csproj", "{5FC8BED9-D958-4CFD-97EF-4E32489A76B4}"
EndProject
Global
	GlobalSection(SolutionConfigurationPlatforms) = preSolution
		Debug|Any CPU = Debug|Any CPU
		Release|Any CPU = Release|Any CPU
	EndGlobalSection
	GlobalSection(ProjectConfigurationPlatforms) = postSolution
		{5FC8BED9-D958-4CFD-97EF-4E32489A76B4}.Debug|Any CPU.ActiveCfg = Debug|Any CPU
		{5FC8BED9-D958-4CFD-97EF-4E32489A76B4}.Debug|Any CPU.Build.0 = Debug|Any CPU
		{5FC8BED9-D958-4CFD-97EF-4E32489A76B4}.Release|Any CPU.ActiveCfg = Release|Any CPU
		{5FC8BED9-D958-4CFD-97EF-4E32489A76B4}.Release|Any CPU.Build.0 = Release|Any CPU
	EndGlobalSection
	GlobalSection(SolutionProperties) = preSolution
		HideSolutionNode = FALSE
	EndGlobalSection
	GlobalSection(ExtensibilityGlobals) = postSolution
		SolutionGuid = {064B6523-3518-4503-BC1A-83FEF0EE44F0}
	EndGlobalSection
EndGlobal
